PODS:
  - FlutterMacOS (1.0.0)
  - quick_blue_macos (0.0.1):
    - FlutterMacOS

DEPENDENCIES:
  - FlutterMacOS (from `Flutter/ephemeral`)
  - quick_blue_macos (from `Flutter/ephemeral/.symlinks/plugins/quick_blue_macos/macos`)

EXTERNAL SOURCES:
  FlutterMacOS:
    :path: Flutter/ephemeral
  quick_blue_macos:
    :path: Flutter/ephemeral/.symlinks/plugins/quick_blue_macos/macos

SPEC CHECKSUMS:
  FlutterMacOS: 57701585bf7de1b3fc2bb61f6378d73bbdea8424
  quick_blue_macos: 3e5cb68cb8e23487c3c1395e5bf4759c7c39e800

PODFILE CHECKSUM: 6eac6b3292e5142cfc23bdeb71848a40ec51c14c

COCOAPODS: 1.10.1
